
Microsoft Visual Studio Solution File, Format Version 12.00
# Visual Studio Version 17
VisualStudioVersion = 17.8.34408.163
MinimumVisualStudioVersion = 10.0.40219.1
Project("{FAE04EC0-301F-11D3-BF4B-00C04F79EFBC}") = "NgonNguCSharp_BaiTapClass_ClassHinhChuNhat", "NgonNguCSharp_BaiTapClass_ClassHinhChuNhat\NgonNguCSharp_BaiTapClass_ClassHinhChuNhat.csproj", "{13E43A8F-6468-4078-9569-ABE95092BB43}"
EndProject
Project("{FAE04EC0-301F-11D3-BF4B-00C04F79EFBC}") = "NgonNguCSharp_BaiTapClass_ClassAnimal", "NgonNguCSharp_BaiTapClass_ClassAnimal\NgonNguCSharp_BaiTapClass_ClassAnimal.csproj", "{6AB55E64-D68F-41A0-A8D1-CEB920995CEF}"
EndProject
Project("{FAE04EC0-301F-11D3-BF4B-00C04F79EFBC}") = "NgonNguCSharp_BaiTapClass_StaticMethod", "NgonNguCSharp_BaiTapClass_StaticMethod\NgonNguCSharp_BaiTapClass_StaticMethod.csproj", "{19FDFD21-B20B-4DBF-A5D2-0B2C13480E18}"
EndProject
Project("{FAE04EC0-301F-11D3-BF4B-00C04F79EFBC}") = "NgonNguCSharp_BaiTapClass_HeCacDoiTuongHinhHoc", "NgonNguCSharp_BaiTapClass_HeCacDoiTuongHinhHoc\NgonNguCSharp_BaiTapClass_HeCacDoiTuongHinhHoc.csproj", "{730F115B-7CF5-406D-A6F9-348549E6F01C}"
EndProject
Project("{FAE04EC0-301F-11D3-BF4B-00C04F79EFBC}") = "NgonNguCSharp_BaiTapClass_Fan", "NgonNguCSharp_BaiTapClass_Fan\NgonNguCSharp_BaiTapClass_Fan.csproj", "{0E8DA49D-8C27-454A-8B11-74BDDCF2E1A0}"
EndProject
Global
	GlobalSection(SolutionConfigurationPlatforms) = preSolution
		Debug|Any CPU = Debug|Any CPU
		Release|Any CPU = Release|Any CPU
	EndGlobalSection
	GlobalSection(ProjectConfigurationPlatforms) = postSolution
		{13E43A8F-6468-4078-9569-ABE95092BB43}.Debug|Any CPU.ActiveCfg = Debug|Any CPU
		{13E43A8F-6468-4078-9569-ABE95092BB43}.Debug|Any CPU.Build.0 = Debug|Any CPU
		{13E43A8F-6468-4078-9569-ABE95092BB43}.Release|Any CPU.ActiveCfg = Release|Any CPU
		{13E43A8F-6468-4078-9569-ABE95092BB43}.Release|Any CPU.Build.0 = Release|Any CPU
		{6AB55E64-D68F-41A0-A8D1-CEB920995CEF}.Debug|Any CPU.ActiveCfg = Debug|Any CPU
		{6AB55E64-D68F-41A0-A8D1-CEB920995CEF}.Debug|Any CPU.Build.0 = Debug|Any CPU
		{6AB55E64-D68F-41A0-A8D1-CEB920995CEF}.Release|Any CPU.ActiveCfg = Release|Any CPU
		{6AB55E64-D68F-41A0-A8D1-CEB920995CEF}.Release|Any CPU.Build.0 = Release|Any CPU
		{19FDFD21-B20B-4DBF-A5D2-0B2C13480E18}.Debug|Any CPU.ActiveCfg = Debug|Any CPU
		{19FDFD21-B20B-4DBF-A5D2-0B2C13480E18}.Debug|Any CPU.Build.0 = Debug|Any CPU
		{19FDFD21-B20B-4DBF-A5D2-0B2C13480E18}.Release|Any CPU.ActiveCfg = Release|Any CPU
		{19FDFD21-B20B-4DBF-A5D2-0B2C13480E18}.Release|Any CPU.Build.0 = Release|Any CPU
		{730F115B-7CF5-406D-A6F9-348549E6F01C}.Debug|Any CPU.ActiveCfg = Debug|Any CPU
		{730F115B-7CF5-406D-A6F9-348549E6F01C}.Debug|Any CPU.Build.0 = Debug|Any CPU
		{730F115B-7CF5-406D-A6F9-348549E6F01C}.Release|Any CPU.ActiveCfg = Release|Any CPU
		{730F115B-7CF5-406D-A6F9-348549E6F01C}.Release|Any CPU.Build.0 = Release|Any CPU
		{0E8DA49D-8C27-454A-8B11-74BDDCF2E1A0}.Debug|Any CPU.ActiveCfg = Debug|Any CPU
		{0E8DA49D-8C27-454A-8B11-74BDDCF2E1A0}.Debug|Any CPU.Build.0 = Debug|Any CPU
		{0E8DA49D-8C27-454A-8B11-74BDDCF2E1A0}.Release|Any CPU.ActiveCfg = Release|Any CPU
		{0E8DA49D-8C27-454A-8B11-74BDDCF2E1A0}.Release|Any CPU.Build.0 = Release|Any CPU
	EndGlobalSection
	GlobalSection(SolutionProperties) = preSolution
		HideSolutionNode = FALSE
	EndGlobalSection
	GlobalSection(ExtensibilityGlobals) = postSolution
		SolutionGuid = {DE55AE6F-C4A0-4DBA-A971-6163729F92C2}
	EndGlobalSection
EndGlobal
